
Microsoft Visual Studio Solution File, Format Version 12.00
Project("{FAE04EC0-301F-11D3-BF4B-00C04F79EFBC}") = "NeuroSdk", "NeuroSdk.csproj", "{096A9ED3-A6D6-484A-AF7E-A2587F56C29C}"
EndProject
Global
	GlobalSection(SolutionConfigurationPlatforms) = preSolution
		Debug|Any CPU = Debug|Any CPU
		Release|Any CPU = Release|Any CPU
	EndGlobalSection
	GlobalSection(ProjectConfigurationPlatforms) = postSolution
		{096A9ED3-A6D6-484A-AF7E-A2587F56C29C}.Debug|Any CPU.ActiveCfg = Debug|Any CPU
		{096A9ED3-A6D6-484A-AF7E-A2587F56C29C}.Debug|Any CPU.Build.0 = Debug|Any CPU
		{096A9ED3-A6D6-484A-AF7E-A2587F56C29C}.Release|Any CPU.ActiveCfg = Release|Any CPU
		{096A9ED3-A6D6-484A-AF7E-A2587F56C29C}.Release|Any CPU.Build.0 = Release|Any CPU
	EndGlobalSection
	GlobalSection(NestedProjects) = preSolution
	EndGlobalSection
EndGlobal
